// !$*UTF8*$!
{
	archiveVersion = 1;
	classes = {
	};
	objectVersion = 46;
	objects = {

/* Begin PBXBuildFile section */
		6355A23714F93B4C00EC7A31 /* BaseCalculatorViewController.m in Sources */ = {isa = PBXBuildFile; fileRef = 6355A23614F93B4C00EC7A31 /* BaseCalculatorViewController.m */; };
		6355A23D14F93C3C00EC7A31 /* bank.png in Resources */ = {isa = PBXBuildFile; fileRef = 6355A23914F93C3C00EC7A31 /* bank.png */; };
		6355A23E14F93C3C00EC7A31 /* connections.png in Resources */ = {isa = PBXBuildFile; fileRef = 6355A23A14F93C3C00EC7A31 /* connections.png */; };
		6355A23F14F93C3C00EC7A31 /* piggy.png in Resources */ = {isa = PBXBuildFile; fileRef = 6355A23B14F93C3C00EC7A31 /* piggy.png */; };
		6355A24014F93C3C00EC7A31 /* trend.png in Resources */ = {isa = PBXBuildFile; fileRef = 6355A23C14F93C3C00EC7A31 /* trend.png */; };
		6355A24414F93C5B00EC7A31 /* CompareView.xib in Resources */ = {isa = PBXBuildFile; fileRef = 6355A24114F93C5B00EC7A31 /* CompareView.xib */; };
		6355A24514F93C5B00EC7A31 /* CompareViewController.m in Sources */ = {isa = PBXBuildFile; fileRef = 6355A24314F93C5B00EC7A31 /* CompareViewController.m */; };
		63A46A3714EFEB2B00999517 /* UIKit.framework in Frameworks */ = {isa = PBXBuildFile; fileRef = 63A46A3614EFEB2B00999517 /* UIKit.framework */; };
		63A46A3914EFEB2B00999517 /* Foundation.framework in Frameworks */ = {isa = PBXBuildFile; fileRef = 63A46A3814EFEB2B00999517 /* Foundation.framework */; };
		63A46A3B14EFEB2B00999517 /* CoreGraphics.framework in Frameworks */ = {isa = PBXBuildFile; fileRef = 63A46A3A14EFEB2B00999517 /* CoreGraphics.framework */; };
		63A46A4114EFEB2B00999517 /* InfoPlist.strings in Resources */ = {isa = PBXBuildFile; fileRef = 63A46A3F14EFEB2B00999517 /* InfoPlist.strings */; };
		63A46A4314EFEB2B00999517 /* main.m in Sources */ = {isa = PBXBuildFile; fileRef = 63A46A4214EFEB2B00999517 /* main.m */; };
		63A46A4714EFEB2B00999517 /* InvestmentPropertyCalculatorAppDelegate.m in Sources */ = {isa = PBXBuildFile; fileRef = 63A46A4614EFEB2B00999517 /* InvestmentPropertyCalculatorAppDelegate.m */; };
		63A46A4A14EFEB2B00999517 /* MainWindow.xib in Resources */ = {isa = PBXBuildFile; fileRef = 63A46A4814EFEB2B00999517 /* MainWindow.xib */; };
		63A46A4D14EFEB2B00999517 /* CalculatorViewController.m in Sources */ = {isa = PBXBuildFile; fileRef = 63A46A4C14EFEB2B00999517 /* CalculatorViewController.m */; };
		63A46A5014EFEB2B00999517 /* MortgageViewController.m in Sources */ = {isa = PBXBuildFile; fileRef = 63A46A4F14EFEB2B00999517 /* MortgageViewController.m */; };
		63A46A5314EFEB2B00999517 /* CalculatorView.xib in Resources */ = {isa = PBXBuildFile; fileRef = 63A46A5114EFEB2B00999517 /* CalculatorView.xib */; };
		63A46A5614EFEB2B00999517 /* MortgageView.xib in Resources */ = {isa = PBXBuildFile; fileRef = 63A46A5414EFEB2B00999517 /* MortgageView.xib */; };
		63A46A5E14EFEB2B00999517 /* SenTestingKit.framework in Frameworks */ = {isa = PBXBuildFile; fileRef = 63A46A5D14EFEB2B00999517 /* SenTestingKit.framework */; };
		63A46A5F14EFEB2B00999517 /* UIKit.framework in Frameworks */ = {isa = PBXBuildFile; fileRef = 63A46A3614EFEB2B00999517 /* UIKit.framework */; };
		63A46A6014EFEB2B00999517 /* Foundation.framework in Frameworks */ = {isa = PBXBuildFile; fileRef = 63A46A3814EFEB2B00999517 /* Foundation.framework */; };
		63A46A6114EFEB2B00999517 /* CoreGraphics.framework in Frameworks */ = {isa = PBXBuildFile; fileRef = 63A46A3A14EFEB2B00999517 /* CoreGraphics.framework */; };
		63A46A6914EFEB2B00999517 /* InfoPlist.strings in Resources */ = {isa = PBXBuildFile; fileRef = 63A46A6714EFEB2B00999517 /* InfoPlist.strings */; };
		63A46A6B14EFEB2B00999517 /* InvestmentPropertyCalculatorTests.h in Resources */ = {isa = PBXBuildFile; fileRef = 63A46A6A14EFEB2B00999517 /* InvestmentPropertyCalculatorTests.h */; };
		63A46A6D14EFEB2B00999517 /* InvestmentPropertyCalculatorTests.m in Sources */ = {isa = PBXBuildFile; fileRef = 63A46A6C14EFEB2B00999517 /* InvestmentPropertyCalculatorTests.m */; };
		63A46A9214EFFA3900999517 /* MortgageTest.m in Sources */ = {isa = PBXBuildFile; fileRef = 63A46A9014EFFA3900999517 /* MortgageTest.m */; };
		63A4FC1814F1B1CF00F9E8E9 /* Mortgage.m in Sources */ = {isa = PBXBuildFile; fileRef = 63A4FC1714F1B1CF00F9E8E9 /* Mortgage.m */; };
		63BDAB4A14F2C1D9008AE03A /* calculator.png in Resources */ = {isa = PBXBuildFile; fileRef = 63BDAB4914F2C1D9008AE03A /* calculator.png */; };
		63E536C514F2C68700A7744A /* ExpensesViewController.m in Sources */ = {isa = PBXBuildFile; fileRef = 63E536C314F2C68700A7744A /* ExpensesViewController.m */; };
		63E536C614F2C68700A7744A /* ExpensesView.xib in Resources */ = {isa = PBXBuildFile; fileRef = 63E536C414F2C68700A7744A /* ExpensesView.xib */; };
		63E536CB14F2C9E100A7744A /* PropertyInvestment.m in Sources */ = {isa = PBXBuildFile; fileRef = 63E536CA14F2C9E100A7744A /* PropertyInvestment.m */; };
		63E536CC14F2C9E100A7744A /* PropertyInvestment.m in Sources */ = {isa = PBXBuildFile; fileRef = 63E536CA14F2C9E100A7744A /* PropertyInvestment.m */; };
		63E536CF14F2CAB200A7744A /* PropertyExpenses.m in Sources */ = {isa = PBXBuildFile; fileRef = 63E536CE14F2CAB100A7744A /* PropertyExpenses.m */; };
		63E536D014F2CAB200A7744A /* PropertyExpenses.m in Sources */ = {isa = PBXBuildFile; fileRef = 63E536CE14F2CAB100A7744A /* PropertyExpenses.m */; };
		63E536D414F2E29100A7744A /* PropertyInvestmentTest.m in Sources */ = {isa = PBXBuildFile; fileRef = 63E536D314F2E29100A7744A /* PropertyInvestmentTest.m */; };
/* End PBXBuildFile section */

/* Begin PBXContainerItemProxy section */
		63A46A6214EFEB2B00999517 /* PBXContainerItemProxy */ = {
			isa = PBXContainerItemProxy;
			containerPortal = 63A46A2914EFEB2B00999517 /* Project object */;
			proxyType = 1;
			remoteGlobalIDString = 63A46A3114EFEB2B00999517;
			remoteInfo = InvestmentPropertyCalculator;
		};
/* End PBXContainerItemProxy section */

/* Begin PBXFileReference section */
		6355A23514F93B4C00EC7A31 /* BaseCalculatorViewController.h */ = {isa = PBXFileReference; fileEncoding = 4; lastKnownFileType = sourcecode.c.h; path = BaseCalculatorViewController.h; sourceTree = "<group>"; };
		6355A23614F93B4C00EC7A31 /* BaseCalculatorViewController.m */ = {isa = PBXFileReference; fileEncoding = 4; lastKnownFileType = sourcecode.c.objc; path = BaseCalculatorViewController.m; sourceTree = "<group>"; };
		6355A23914F93C3C00EC7A31 /* bank.png */ = {isa = PBXFileReference; lastKnownFileType = image.png; path = bank.png; sourceTree = "<group>"; };
		6355A23A14F93C3C00EC7A31 /* connections.png */ = {isa = PBXFileReference; lastKnownFileType = image.png; path = connections.png; sourceTree = "<group>"; };
		6355A23B14F93C3C00EC7A31 /* piggy.png */ = {isa = PBXFileReference; lastKnownFileType = image.png; path = piggy.png; sourceTree = "<group>"; };
		6355A23C14F93C3C00EC7A31 /* trend.png */ = {isa = PBXFileReference; lastKnownFileType = image.png; path = trend.png; sourceTree = "<group>"; };
		6355A24114F93C5B00EC7A31 /* CompareView.xib */ = {isa = PBXFileReference; fileEncoding = 4; lastKnownFileType = file.xib; path = CompareView.xib; sourceTree = "<group>"; };
		6355A24214F93C5B00EC7A31 /* CompareViewController.h */ = {isa = PBXFileReference; fileEncoding = 4; lastKnownFileType = sourcecode.c.h; path = CompareViewController.h; sourceTree = "<group>"; };
		6355A24314F93C5B00EC7A31 /* CompareViewController.m */ = {isa = PBXFileReference; fileEncoding = 4; lastKnownFileType = sourcecode.c.objc; path = CompareViewController.m; sourceTree = "<group>"; };
		63A46A3214EFEB2B00999517 /* InvestmentPropertyCalculator.app */ = {isa = PBXFileReference; explicitFileType = wrapper.application; includeInIndex = 0; path = InvestmentPropertyCalculator.app; sourceTree = BUILT_PRODUCTS_DIR; };
		63A46A3614EFEB2B00999517 /* UIKit.framework */ = {isa = PBXFileReference; lastKnownFileType = wrapper.framework; name = UIKit.framework; path = System/Library/Frameworks/UIKit.framework; sourceTree = SDKROOT; };
		63A46A3814EFEB2B00999517 /* Foundation.framework */ = {isa = PBXFileReference; lastKnownFileType = wrapper.framework; name = Foundation.framework; path = System/Library/Frameworks/Foundation.framework; sourceTree = SDKROOT; };
		63A46A3A14EFEB2B00999517 /* CoreGraphics.framework */ = {isa = PBXFileReference; lastKnownFileType = wrapper.framework; name = CoreGraphics.framework; path = System/Library/Frameworks/CoreGraphics.framework; sourceTree = SDKROOT; };
		63A46A3E14EFEB2B00999517 /* InvestmentPropertyCalculator-Info.plist */ = {isa = PBXFileReference; lastKnownFileType = text.plist.xml; path = "InvestmentPropertyCalculator-Info.plist"; sourceTree = "<group>"; };
		63A46A4014EFEB2B00999517 /* en */ = {isa = PBXFileReference; lastKnownFileType = text.plist.strings; name = en; path = en.lproj/InfoPlist.strings; sourceTree = "<group>"; };
		63A46A4214EFEB2B00999517 /* main.m */ = {isa = PBXFileReference; lastKnownFileType = sourcecode.c.objc; path = main.m; sourceTree = "<group>"; };
		63A46A4414EFEB2B00999517 /* InvestmentPropertyCalculator-Prefix.pch */ = {isa = PBXFileReference; lastKnownFileType = sourcecode.c.h; path = "InvestmentPropertyCalculator-Prefix.pch"; sourceTree = "<group>"; };
		63A46A4514EFEB2B00999517 /* InvestmentPropertyCalculatorAppDelegate.h */ = {isa = PBXFileReference; lastKnownFileType = sourcecode.c.h; path = InvestmentPropertyCalculatorAppDelegate.h; sourceTree = "<group>"; };
		63A46A4614EFEB2B00999517 /* InvestmentPropertyCalculatorAppDelegate.m */ = {isa = PBXFileReference; lastKnownFileType = sourcecode.c.objc; path = InvestmentPropertyCalculatorAppDelegate.m; sourceTree = "<group>"; };
		63A46A4914EFEB2B00999517 /* en */ = {isa = PBXFileReference; lastKnownFileType = file.xib; name = en; path = en.lproj/MainWindow.xib; sourceTree = "<group>"; };
		63A46A4B14EFEB2B00999517 /* CalculatorViewController.h */ = {isa = PBXFileReference; lastKnownFileType = sourcecode.c.h; path = CalculatorViewController.h; sourceTree = "<group>"; };
		63A46A4C14EFEB2B00999517 /* CalculatorViewController.m */ = {isa = PBXFileReference; lastKnownFileType = sourcecode.c.objc; path = CalculatorViewController.m; sourceTree = "<group>"; };
		63A46A4E14EFEB2B00999517 /* MortgageViewController.h */ = {isa = PBXFileReference; lastKnownFileType = sourcecode.c.h; path = MortgageViewController.h; sourceTree = "<group>"; };
		63A46A4F14EFEB2B00999517 /* MortgageViewController.m */ = {isa = PBXFileReference; lastKnownFileType = sourcecode.c.objc; path = MortgageViewController.m; sourceTree = "<group>"; };
		63A46A5214EFEB2B00999517 /* en */ = {isa = PBXFileReference; lastKnownFileType = file.xib; name = en; path = en.lproj/CalculatorView.xib; sourceTree = "<group>"; };
		63A46A5514EFEB2B00999517 /* en */ = {isa = PBXFileReference; lastKnownFileType = file.xib; name = en; path = en.lproj/MortgageView.xib; sourceTree = "<group>"; };
		63A46A5C14EFEB2B00999517 /* InvestmentPropertyCalculatorTests.octest */ = {isa = PBXFileReference; explicitFileType = wrapper.cfbundle; includeInIndex = 0; path = InvestmentPropertyCalculatorTests.octest; sourceTree = BUILT_PRODUCTS_DIR; };
		63A46A5D14EFEB2B00999517 /* SenTestingKit.framework */ = {isa = PBXFileReference; lastKnownFileType = wrapper.framework; name = SenTestingKit.framework; path = Library/Frameworks/SenTestingKit.framework; sourceTree = DEVELOPER_DIR; };
		63A46A6614EFEB2B00999517 /* InvestmentPropertyCalculatorTests-Info.plist */ = {isa = PBXFileReference; lastKnownFileType = text.plist.xml; path = "InvestmentPropertyCalculatorTests-Info.plist"; sourceTree = "<group>"; };
		63A46A6814EFEB2B00999517 /* en */ = {isa = PBXFileReference; lastKnownFileType = text.plist.strings; name = en; path = en.lproj/InfoPlist.strings; sourceTree = "<group>"; };
		63A46A6A14EFEB2B00999517 /* InvestmentPropertyCalculatorTests.h */ = {isa = PBXFileReference; lastKnownFileType = sourcecode.c.h; path = InvestmentPropertyCalculatorTests.h; sourceTree = "<group>"; };
		63A46A6C14EFEB2B00999517 /* InvestmentPropertyCalculatorTests.m */ = {isa = PBXFileReference; lastKnownFileType = sourcecode.c.objc; path = InvestmentPropertyCalculatorTests.m; sourceTree = "<group>"; };
		63A46A8F14EFFA3900999517 /* MortgageTest.h */ = {isa = PBXFileReference; fileEncoding = 4; lastKnownFileType = sourcecode.c.h; path = MortgageTest.h; sourceTree = "<group>"; };
		63A46A9014EFFA3900999517 /* MortgageTest.m */ = {isa = PBXFileReference; fileEncoding = 4; lastKnownFileType = sourcecode.c.objc; path = MortgageTest.m; sourceTree = "<group>"; };
		63A4FC1614F1B1CF00F9E8E9 /* Mortgage.h */ = {isa = PBXFileReference; fileEncoding = 4; lastKnownFileType = sourcecode.c.h; path = Mortgage.h; sourceTree = "<group>"; };
		63A4FC1714F1B1CF00F9E8E9 /* Mortgage.m */ = {isa = PBXFileReference; fileEncoding = 4; lastKnownFileType = sourcecode.c.objc; path = Mortgage.m; sourceTree = "<group>"; };
		63BDAB4914F2C1D9008AE03A /* calculator.png */ = {isa = PBXFileReference; lastKnownFileType = image.png; path = calculator.png; sourceTree = "<group>"; };
		63E536C214F2C68700A7744A /* ExpensesViewController.h */ = {isa = PBXFileReference; fileEncoding = 4; lastKnownFileType = sourcecode.c.h; path = ExpensesViewController.h; sourceTree = "<group>"; };
		63E536C314F2C68700A7744A /* ExpensesViewController.m */ = {isa = PBXFileReference; fileEncoding = 4; lastKnownFileType = sourcecode.c.objc; path = ExpensesViewController.m; sourceTree = "<group>"; };
		63E536C414F2C68700A7744A /* ExpensesView.xib */ = {isa = PBXFileReference; fileEncoding = 4; lastKnownFileType = file.xib; path = ExpensesView.xib; sourceTree = "<group>"; };
		63E536C914F2C9E100A7744A /* PropertyInvestment.h */ = {isa = PBXFileReference; fileEncoding = 4; lastKnownFileType = sourcecode.c.h; path = PropertyInvestment.h; sourceTree = "<group>"; };
		63E536CA14F2C9E100A7744A /* PropertyInvestment.m */ = {isa = PBXFileReference; fileEncoding = 4; lastKnownFileType = sourcecode.c.objc; path = PropertyInvestment.m; sourceTree = "<group>"; };
		63E536CD14F2CAB100A7744A /* PropertyExpenses.h */ = {isa = PBXFileReference; fileEncoding = 4; lastKnownFileType = sourcecode.c.h; path = PropertyExpenses.h; sourceTree = "<group>"; };
		63E536CE14F2CAB100A7744A /* PropertyExpenses.m */ = {isa = PBXFileReference; fileEncoding = 4; lastKnownFileType = sourcecode.c.objc; path = PropertyExpenses.m; sourceTree = "<group>"; };
		63E536D114F2D88500A7744A /* PropertyInvestmentProtocol.h */ = {isa = PBXFileReference; lastKnownFileType = sourcecode.c.h; path = PropertyInvestmentProtocol.h; sourceTree = "<group>"; };
		63E536D214F2E29100A7744A /* PropertyInvestmentTest.h */ = {isa = PBXFileReference; fileEncoding = 4; lastKnownFileType = sourcecode.c.h; path = PropertyInvestmentTest.h; sourceTree = "<group>"; };
		63E536D314F2E29100A7744A /* PropertyInvestmentTest.m */ = {isa = PBXFileReference; fileEncoding = 4; lastKnownFileType = sourcecode.c.objc; path = PropertyInvestmentTest.m; sourceTree = "<group>"; };
/* End PBXFileReference section */

/* Begin PBXFrameworksBuildPhase section */
		63A46A2F14EFEB2B00999517 /* Frameworks */ = {
			isa = PBXFrameworksBuildPhase;
			buildActionMask = 2147483647;
			files = (
				63A46A3714EFEB2B00999517 /* UIKit.framework in Frameworks */,
				63A46A3914EFEB2B00999517 /* Foundation.framework in Frameworks */,
				63A46A3B14EFEB2B00999517 /* CoreGraphics.framework in Frameworks */,
			);
			runOnlyForDeploymentPostprocessing = 0;
		};
		63A46A5814EFEB2B00999517 /* Frameworks */ = {
			isa = PBXFrameworksBuildPhase;
			buildActionMask = 2147483647;
			files = (
				63A46A5E14EFEB2B00999517 /* SenTestingKit.framework in Frameworks */,
				63A46A5F14EFEB2B00999517 /* UIKit.framework in Frameworks */,
				63A46A6014EFEB2B00999517 /* Foundation.framework in Frameworks */,
				63A46A6114EFEB2B00999517 /* CoreGraphics.framework in Frameworks */,
			);
			runOnlyForDeploymentPostprocessing = 0;
		};
/* End PBXFrameworksBuildPhase section */

/* Begin PBXGroup section */
		63A46A2714EFEB2B00999517 = {
			isa = PBXGroup;
			children = (
				63A46A3C14EFEB2B00999517 /* InvestmentPropertyCalculator */,
				63A46A6414EFEB2B00999517 /* InvestmentPropertyCalculatorTests */,
				63A46A3514EFEB2B00999517 /* Frameworks */,
				63A46A3314EFEB2B00999517 /* Products */,
			);
			sourceTree = "<group>";
		};
		63A46A3314EFEB2B00999517 /* Products */ = {
			isa = PBXGroup;
			children = (
				63A46A3214EFEB2B00999517 /* InvestmentPropertyCalculator.app */,
				63A46A5C14EFEB2B00999517 /* InvestmentPropertyCalculatorTests.octest */,
			);
			name = Products;
			sourceTree = "<group>";
		};
		63A46A3514EFEB2B00999517 /* Frameworks */ = {
			isa = PBXGroup;
			children = (
				63A46A3614EFEB2B00999517 /* UIKit.framework */,
				63A46A3814EFEB2B00999517 /* Foundation.framework */,
				63A46A3A14EFEB2B00999517 /* CoreGraphics.framework */,
				63A46A5D14EFEB2B00999517 /* SenTestingKit.framework */,
			);
			name = Frameworks;
			sourceTree = "<group>";
		};
		63A46A3C14EFEB2B00999517 /* InvestmentPropertyCalculator */ = {
			isa = PBXGroup;
			children = (
				63BDAB4614F2C1C0008AE03A /* Resources */,
				63A4FC1414F1B1B600F9E8E9 /* Models */,
				63A46A4514EFEB2B00999517 /* InvestmentPropertyCalculatorAppDelegate.h */,
				63A46A4614EFEB2B00999517 /* InvestmentPropertyCalculatorAppDelegate.m */,
				63A46A4B14EFEB2B00999517 /* CalculatorViewController.h */,
				6355A23514F93B4C00EC7A31 /* BaseCalculatorViewController.h */,
				6355A23614F93B4C00EC7A31 /* BaseCalculatorViewController.m */,
				63A46A4C14EFEB2B00999517 /* CalculatorViewController.m */,
				6355A24214F93C5B00EC7A31 /* CompareViewController.h */,
				6355A24314F93C5B00EC7A31 /* CompareViewController.m */,
				63A46A4E14EFEB2B00999517 /* MortgageViewController.h */,
				63A46A4F14EFEB2B00999517 /* MortgageViewController.m */,
				63E536C214F2C68700A7744A /* ExpensesViewController.h */,
				63E536C314F2C68700A7744A /* ExpensesViewController.m */,
				63A46A3D14EFEB2B00999517 /* Supporting Files */,
			);
			path = InvestmentPropertyCalculator;
			sourceTree = "<group>";
		};
		63A46A3D14EFEB2B00999517 /* Supporting Files */ = {
			isa = PBXGroup;
			children = (
				63A46A3E14EFEB2B00999517 /* InvestmentPropertyCalculator-Info.plist */,
				63A46A3F14EFEB2B00999517 /* InfoPlist.strings */,
				63A46A4214EFEB2B00999517 /* main.m */,
				63A46A4414EFEB2B00999517 /* InvestmentPropertyCalculator-Prefix.pch */,
			);
			name = "Supporting Files";
			sourceTree = "<group>";
		};
		63A46A6414EFEB2B00999517 /* InvestmentPropertyCalculatorTests */ = {
			isa = PBXGroup;
			children = (
				63A46A6A14EFEB2B00999517 /* InvestmentPropertyCalculatorTests.h */,
				63A46A6C14EFEB2B00999517 /* InvestmentPropertyCalculatorTests.m */,
				63A46A6514EFEB2B00999517 /* Supporting Files */,
				63A46A8F14EFFA3900999517 /* MortgageTest.h */,
				63A46A9014EFFA3900999517 /* MortgageTest.m */,
				63E536D214F2E29100A7744A /* PropertyInvestmentTest.h */,
				63E536D314F2E29100A7744A /* PropertyInvestmentTest.m */,
			);
			path = InvestmentPropertyCalculatorTests;
			sourceTree = "<group>";
		};
		63A46A6514EFEB2B00999517 /* Supporting Files */ = {
			isa = PBXGroup;
			children = (
				63A46A6614EFEB2B00999517 /* InvestmentPropertyCalculatorTests-Info.plist */,
				63A46A6714EFEB2B00999517 /* InfoPlist.strings */,
			);
			name = "Supporting Files";
			sourceTree = "<group>";
		};
		63A4FC1414F1B1B600F9E8E9 /* Models */ = {
			isa = PBXGroup;
			children = (
				63A4FC1614F1B1CF00F9E8E9 /* Mortgage.h */,
				63A4FC1714F1B1CF00F9E8E9 /* Mortgage.m */,
				63E536C914F2C9E100A7744A /* PropertyInvestment.h */,
				63E536CA14F2C9E100A7744A /* PropertyInvestment.m */,
				63E536CD14F2CAB100A7744A /* PropertyExpenses.h */,
				63E536CE14F2CAB100A7744A /* PropertyExpenses.m */,
				63E536D114F2D88500A7744A /* PropertyInvestmentProtocol.h */,
			);
			name = Models;
			sourceTree = "<group>";
		};
		63BDAB4614F2C1C0008AE03A /* Resources */ = {
			isa = PBXGroup;
			children = (
				63E536C814F2C74900A7744A /* Views */,
				63BDAB4814F2C1C8008AE03A /* Images */,
			);
			name = Resources;
			sourceTree = "<group>";
		};
		63BDAB4814F2C1C8008AE03A /* Images */ = {
			isa = PBXGroup;
			children = (
				6355A23914F93C3C00EC7A31 /* bank.png */,
				6355A23A14F93C3C00EC7A31 /* connections.png */,
				6355A23B14F93C3C00EC7A31 /* piggy.png */,
				6355A23C14F93C3C00EC7A31 /* trend.png */,
				63BDAB4914F2C1D9008AE03A /* calculator.png */,
			);
			name = Images;
			sourceTree = "<group>";
		};
		63E536C814F2C74900A7744A /* Views */ = {
			isa = PBXGroup;
			children = (
				6355A24114F93C5B00EC7A31 /* CompareView.xib */,
				63A46A4814EFEB2B00999517 /* MainWindow.xib */,
				63A46A5114EFEB2B00999517 /* CalculatorView.xib */,
				63E536C414F2C68700A7744A /* ExpensesView.xib */,
				63A46A5414EFEB2B00999517 /* MortgageView.xib */,
			);
			name = Views;
			sourceTree = "<group>";
		};
/* End PBXGroup section */

/* Begin PBXNativeTarget section */
		63A46A3114EFEB2B00999517 /* InvestmentPropertyCalculator */ = {
			isa = PBXNativeTarget;
			buildConfigurationList = 63A46A7014EFEB2B00999517 /* Build configuration list for PBXNativeTarget "InvestmentPropertyCalculator" */;
			buildPhases = (
				63A46A2E14EFEB2B00999517 /* Sources */,
				63A46A2F14EFEB2B00999517 /* Frameworks */,
				63A46A3014EFEB2B00999517 /* Resources */,
			);
			buildRules = (
			);
			dependencies = (
			);
			name = InvestmentPropertyCalculator;
			productName = InvestmentPropertyCalculator;
			productReference = 63A46A3214EFEB2B00999517 /* InvestmentPropertyCalculator.app */;
			productType = "com.apple.product-type.application";
		};
		63A46A5B14EFEB2B00999517 /* InvestmentPropertyCalculatorTests */ = {
			isa = PBXNativeTarget;
			buildConfigurationList = 63A46A7314EFEB2B00999517 /* Build configuration list for PBXNativeTarget "InvestmentPropertyCalculatorTests" */;
			buildPhases = (
				63A46A5714EFEB2B00999517 /* Sources */,
				63A46A5814EFEB2B00999517 /* Frameworks */,
				63A46A5914EFEB2B00999517 /* Resources */,
				63A46A5A14EFEB2B00999517 /* ShellScript */,
			);
			buildRules = (
			);
			dependencies = (
				63A46A6314EFEB2B00999517 /* PBXTargetDependency */,
			);
			name = InvestmentPropertyCalculatorTests;
			productName = InvestmentPropertyCalculatorTests;
			productReference = 63A46A5C14EFEB2B00999517 /* InvestmentPropertyCalculatorTests.octest */;
			productType = "com.apple.product-type.bundle";
		};
/* End PBXNativeTarget section */

/* Begin PBXProject section */
		63A46A2914EFEB2B00999517 /* Project object */ = {
			isa = PBXProject;
			attributes = {
				LastUpgradeCheck = 0430;
			};
			buildConfigurationList = 63A46A2C14EFEB2B00999517 /* Build configuration list for PBXProject "InvestmentPropertyCalculator" */;
			compatibilityVersion = "Xcode 3.2";
			developmentRegion = English;
			hasScannedForEncodings = 0;
			knownRegions = (
				en,
			);
			mainGroup = 63A46A2714EFEB2B00999517;
			productRefGroup = 63A46A3314EFEB2B00999517 /* Products */;
			projectDirPath = "";
			projectRoot = "";
			targets = (
				63A46A3114EFEB2B00999517 /* InvestmentPropertyCalculator */,
				63A46A5B14EFEB2B00999517 /* InvestmentPropertyCalculatorTests */,
			);
		};
/* End PBXProject section */

/* Begin PBXResourcesBuildPhase section */
		63A46A3014EFEB2B00999517 /* Resources */ = {
			isa = PBXResourcesBuildPhase;
			buildActionMask = 2147483647;
			files = (
				63A46A4114EFEB2B00999517 /* InfoPlist.strings in Resources */,
				63A46A4A14EFEB2B00999517 /* MainWindow.xib in Resources */,
				63A46A5314EFEB2B00999517 /* CalculatorView.xib in Resources */,
				63A46A5614EFEB2B00999517 /* MortgageView.xib in Resources */,
				63BDAB4A14F2C1D9008AE03A /* calculator.png in Resources */,
				63E536C614F2C68700A7744A /* ExpensesView.xib in Resources */,
				6355A23D14F93C3C00EC7A31 /* bank.png in Resources */,
				6355A23E14F93C3C00EC7A31 /* connections.png in Resources */,
				6355A23F14F93C3C00EC7A31 /* piggy.png in Resources */,
				6355A24014F93C3C00EC7A31 /* trend.png in Resources */,
				6355A24414F93C5B00EC7A31 /* CompareView.xib in Resources */,
			);
			runOnlyForDeploymentPostprocessing = 0;
		};
		63A46A5914EFEB2B00999517 /* Resources */ = {
			isa = PBXResourcesBuildPhase;
			buildActionMask = 2147483647;
			files = (
				63A46A6914EFEB2B00999517 /* InfoPlist.strings in Resources */,
				63A46A6B14EFEB2B00999517 /* InvestmentPropertyCalculatorTests.h in Resources */,
			);
			runOnlyForDeploymentPostprocessing = 0;
		};
/* End PBXResourcesBuildPhase section */

/* Begin PBXShellScriptBuildPhase section */
		63A46A5A14EFEB2B00999517 /* ShellScript */ = {
			isa = PBXShellScriptBuildPhase;
			buildActionMask = 2147483647;
			files = (
			);
			inputPaths = (
			);
			outputPaths = (
			);
			runOnlyForDeploymentPostprocessing = 0;
			shellPath = /bin/sh;
			shellScript = "# Run the unit tests in this test bundle.\n\"${SYSTEM_DEVELOPER_DIR}/Tools/RunUnitTests\"\n";
		};
/* End PBXShellScriptBuildPhase section */

/* Begin PBXSourcesBuildPhase section */
		63A46A2E14EFEB2B00999517 /* Sources */ = {
			isa = PBXSourcesBuildPhase;
			buildActionMask = 2147483647;
			files = (
				63A46A4314EFEB2B00999517 /* main.m in Sources */,
				63A46A4714EFEB2B00999517 /* InvestmentPropertyCalculatorAppDelegate.m in Sources */,
				63A46A4D14EFEB2B00999517 /* CalculatorViewController.m in Sources */,
				63A46A5014EFEB2B00999517 /* MortgageViewController.m in Sources */,
				63A4FC1814F1B1CF00F9E8E9 /* Mortgage.m in Sources */,
				63E536C514F2C68700A7744A /* ExpensesViewController.m in Sources */,
				63E536CB14F2C9E100A7744A /* PropertyInvestment.m in Sources */,
				63E536CF14F2CAB200A7744A /* PropertyExpenses.m in Sources */,
				6355A23714F93B4C00EC7A31 /* BaseCalculatorViewController.m in Sources */,
				6355A24514F93C5B00EC7A31 /* CompareViewController.m in Sources */,
			);
			runOnlyForDeploymentPostprocessing = 0;
		};
		63A46A5714EFEB2B00999517 /* Sources */ = {
			isa = PBXSourcesBuildPhase;
			buildActionMask = 2147483647;
			files = (
				63A46A6D14EFEB2B00999517 /* InvestmentPropertyCalculatorTests.m in Sources */,
				63A46A9214EFFA3900999517 /* MortgageTest.m in Sources */,
				63E536CC14F2C9E100A7744A /* PropertyInvestment.m in Sources */,
				63E536D014F2CAB200A7744A /* PropertyExpenses.m in Sources */,
				63E536D414F2E29100A7744A /* PropertyInvestmentTest.m in Sources */,
			);
			runOnlyForDeploymentPostprocessing = 0;
		};
/* End PBXSourcesBuildPhase section */

/* Begin PBXTargetDependency section */
		63A46A6314EFEB2B00999517 /* PBXTargetDependency */ = {
			isa = PBXTargetDependency;
			target = 63A46A3114EFEB2B00999517 /* InvestmentPropertyCalculator */;
			targetProxy = 63A46A6214EFEB2B00999517 /* PBXContainerItemProxy */;
		};
/* End PBXTargetDependency section */

/* Begin PBXVariantGroup section */
		63A46A3F14EFEB2B00999517 /* InfoPlist.strings */ = {
			isa = PBXVariantGroup;
			children = (
				63A46A4014EFEB2B00999517 /* en */,
			);
			name = InfoPlist.strings;
			sourceTree = "<group>";
		};
		63A46A4814EFEB2B00999517 /* MainWindow.xib */ = {
			isa = PBXVariantGroup;
			children = (
				63A46A4914EFEB2B00999517 /* en */,
			);
			name = MainWindow.xib;
			sourceTree = "<group>";
		};
		63A46A5114EFEB2B00999517 /* CalculatorView.xib */ = {
			isa = PBXVariantGroup;
			children = (
				63A46A5214EFEB2B00999517 /* en */,
			);
			name = CalculatorView.xib;
			sourceTree = "<group>";
		};
		63A46A5414EFEB2B00999517 /* MortgageView.xib */ = {
			isa = PBXVariantGroup;
			children = (
				63A46A5514EFEB2B00999517 /* en */,
			);
			name = MortgageView.xib;
			sourceTree = "<group>";
		};
		63A46A6714EFEB2B00999517 /* InfoPlist.strings */ = {
			isa = PBXVariantGroup;
			children = (
				63A46A6814EFEB2B00999517 /* en */,
			);
			name = InfoPlist.strings;
			sourceTree = "<group>";
		};
/* End PBXVariantGroup section */

/* Begin XCBuildConfiguration section */
		63A46A6E14EFEB2B00999517 /* Debug */ = {
			isa = XCBuildConfiguration;
			buildSettings = {
				ALWAYS_SEARCH_USER_PATHS = NO;
				ARCHS = "$(ARCHS_STANDARD_32_BIT)";
				"CODE_SIGN_IDENTITY[sdk=iphoneos*]" = "iPhone Developer";
				COPY_PHASE_STRIP = NO;
				GCC_C_LANGUAGE_STANDARD = gnu99;
				GCC_DYNAMIC_NO_PIC = NO;
				GCC_OPTIMIZATION_LEVEL = 0;
				GCC_PREPROCESSOR_DEFINITIONS = (
					"DEBUG=1",
					"$(inherited)",
				);
				GCC_SYMBOLS_PRIVATE_EXTERN = NO;
				GCC_VERSION = com.apple.compilers.llvmgcc42;
				GCC_WARN_ABOUT_MISSING_PROTOTYPES = YES;
				GCC_WARN_ABOUT_RETURN_TYPE = YES;
				GCC_WARN_UNUSED_VARIABLE = YES;
				IPHONEOS_DEPLOYMENT_TARGET = 4.3;
				SDKROOT = iphoneos;
			};
			name = Debug;
		};
		63A46A6F14EFEB2B00999517 /* Release */ = {
			isa = XCBuildConfiguration;
			buildSettings = {
				ALWAYS_SEARCH_USER_PATHS = NO;
				ARCHS = "$(ARCHS_STANDARD_32_BIT)";
				"CODE_SIGN_IDENTITY[sdk=iphoneos*]" = "iPhone Developer";
				COPY_PHASE_STRIP = YES;
				GCC_C_LANGUAGE_STANDARD = gnu99;
				GCC_VERSION = com.apple.compilers.llvmgcc42;
				GCC_WARN_ABOUT_MISSING_PROTOTYPES = YES;
				GCC_WARN_ABOUT_RETURN_TYPE = YES;
				GCC_WARN_UNUSED_VARIABLE = YES;
				IPHONEOS_DEPLOYMENT_TARGET = 4.3;
				OTHER_CFLAGS = "-DNS_BLOCK_ASSERTIONS=1";
				SDKROOT = iphoneos;
				VALIDATE_PRODUCT = YES;
			};
			name = Release;
		};
		63A46A7114EFEB2B00999517 /* Debug */ = {
			isa = XCBuildConfiguration;
			buildSettings = {
				GCC_PRECOMPILE_PREFIX_HEADER = YES;
				GCC_PREFIX_HEADER = "InvestmentPropertyCalculator/InvestmentPropertyCalculator-Prefix.pch";
				GCC_VERSION = com.apple.compilers.llvm.clang.1_0;
				INFOPLIST_FILE = "InvestmentPropertyCalculator/InvestmentPropertyCalculator-Info.plist";
				PRODUCT_NAME = "$(TARGET_NAME)";
				WRAPPER_EXTENSION = app;
			};
			name = Debug;
		};
		63A46A7214EFEB2B00999517 /* Release */ = {
			isa = XCBuildConfiguration;
			buildSettings = {
				GCC_PRECOMPILE_PREFIX_HEADER = YES;
				GCC_PREFIX_HEADER = "InvestmentPropertyCalculator/InvestmentPropertyCalculator-Prefix.pch";
				GCC_VERSION = com.apple.compilers.llvm.clang.1_0;
				INFOPLIST_FILE = "InvestmentPropertyCalculator/InvestmentPropertyCalculator-Info.plist";
				PRODUCT_NAME = "$(TARGET_NAME)";
				WRAPPER_EXTENSION = app;
			};
			name = Release;
		};
		63A46A7414EFEB2B00999517 /* Debug */ = {
			isa = XCBuildConfiguration;
			buildSettings = {
				BUNDLE_LOADER = "$(BUILT_PRODUCTS_DIR)/InvestmentPropertyCalculator.app/InvestmentPropertyCalculator";
				FRAMEWORK_SEARCH_PATHS = (
					"$(SDKROOT)/Developer/Library/Frameworks",
					"$(DEVELOPER_LIBRARY_DIR)/Frameworks",
				);
				GCC_PRECOMPILE_PREFIX_HEADER = YES;
				GCC_PREFIX_HEADER = "InvestmentPropertyCalculator/InvestmentPropertyCalculator-Prefix.pch";
				GCC_VERSION = com.apple.compilers.llvm.clang.1_0;
				INFOPLIST_FILE = "InvestmentPropertyCalculatorTests/InvestmentPropertyCalculatorTests-Info.plist";
				PRODUCT_NAME = "$(TARGET_NAME)";
				TEST_HOST = "$(BUNDLE_LOADER)";
				WRAPPER_EXTENSION = octest;
			};
			name = Debug;
		};
		63A46A7514EFEB2B00999517 /* Release */ = {
			isa = XCBuildConfiguration;
			buildSettings = {
				BUNDLE_LOADER = "$(BUILT_PRODUCTS_DIR)/InvestmentPropertyCalculator.app/InvestmentPropertyCalculator";
				FRAMEWORK_SEARCH_PATHS = (
					"$(SDKROOT)/Developer/Library/Frameworks",
					"$(DEVELOPER_LIBRARY_DIR)/Frameworks",
				);
				GCC_PRECOMPILE_PREFIX_HEADER = YES;
				GCC_PREFIX_HEADER = "InvestmentPropertyCalculator/InvestmentPropertyCalculator-Prefix.pch";
				GCC_VERSION = com.apple.compilers.llvm.clang.1_0;
				INFOPLIST_FILE = "InvestmentPropertyCalculatorTests/InvestmentPropertyCalculatorTests-Info.plist";
				PRODUCT_NAME = "$(TARGET_NAME)";
				TEST_HOST = "$(BUNDLE_LOADER)";
				WRAPPER_EXTENSION = octest;
			};
			name = Release;
		};
/* End XCBuildConfiguration section */

/* Begin XCConfigurationList section */
		63A46A2C14EFEB2B00999517 /* Build configuration list for PBXProject "InvestmentPropertyCalculator" */ = {
			isa = XCConfigurationList;
			buildConfigurations = (
				63A46A6E14EFEB2B00999517 /* Debug */,
				63A46A6F14EFEB2B00999517 /* Release */,
			);
			defaultConfigurationIsVisible = 0;
			defaultConfigurationName = Release;
		};
		63A46A7014EFEB2B00999517 /* Build configuration list for PBXNativeTarget "InvestmentPropertyCalculator" */ = {
			isa = XCConfigurationList;
			buildConfigurations = (
				63A46A7114EFEB2B00999517 /* Debug */,
				63A46A7214EFEB2B00999517 /* Release */,
			);
			defaultConfigurationIsVisible = 0;
			defaultConfigurationName = Release;
		};
		63A46A7314EFEB2B00999517 /* Build configuration list for PBXNativeTarget "InvestmentPropertyCalculatorTests" */ = {
			isa = XCConfigurationList;
			buildConfigurations = (
				63A46A7414EFEB2B00999517 /* Debug */,
				63A46A7514EFEB2B00999517 /* Release */,
			);
			defaultConfigurationIsVisible = 0;
			defaultConfigurationName = Release;
		};
/* End XCConfigurationList section */
	};
	rootObject = 63A46A2914EFEB2B00999517 /* Project object */;
}
